
Microsoft Visual Studio Solution File, Format Version 12.00
# Visual Studio Version 16
VisualStudioVersion = 16.0.32413.511
MinimumVisualStudioVersion = 10.0.40219.1
Project("{FAE04EC0-301F-11D3-BF4B-00C04F79EFBC}") = "ProjetoAPI", "ProjetoAPI\ProjetoAPI.csproj", "{0DD2ECBB-0EEF-4718-BAD6-1BD8DF8BCBF3}"
EndProject
Project("{FAE04EC0-301F-11D3-BF4B-00C04F79EFBC}") = "SiteMVC", "SiteMVC\SiteMVC.csproj", "{17B6BB5D-8D50-471C-9BF1-9953C1DEA4DF}"
EndProject
Project("{FAE04EC0-301F-11D3-BF4B-00C04F79EFBC}") = "ProjetoWCF", "ProjetoWCF\ProjetoWCF.csproj", "{F3A107E8-F9D9-4B1E-9CA7-B73354C61E99}"
EndProject
Project("{FAE04EC0-301F-11D3-BF4B-00C04F79EFBC}") = "SiteWebForms", "SiteWebForms\SiteWebForms.csproj", "{028741E5-902A-41CF-B24B-6D417D234843}"
	ProjectSection(ProjectDependencies) = postProject
		{F3A107E8-F9D9-4B1E-9CA7-B73354C61E99} = {F3A107E8-F9D9-4B1E-9CA7-B73354C61E99}
	EndProjectSection
EndProject
Global
	GlobalSection(SolutionConfigurationPlatforms) = preSolution
		Debug|Any CPU = Debug|Any CPU
		Release|Any CPU = Release|Any CPU
	EndGlobalSection
	GlobalSection(ProjectConfigurationPlatforms) = postSolution
		{0DD2ECBB-0EEF-4718-BAD6-1BD8DF8BCBF3}.Debug|Any CPU.ActiveCfg = Debug|Any CPU
		{0DD2ECBB-0EEF-4718-BAD6-1BD8DF8BCBF3}.Debug|Any CPU.Build.0 = Debug|Any CPU
		{0DD2ECBB-0EEF-4718-BAD6-1BD8DF8BCBF3}.Release|Any CPU.ActiveCfg = Release|Any CPU
		{0DD2ECBB-0EEF-4718-BAD6-1BD8DF8BCBF3}.Release|Any CPU.Build.0 = Release|Any CPU
		{17B6BB5D-8D50-471C-9BF1-9953C1DEA4DF}.Debug|Any CPU.ActiveCfg = Debug|Any CPU
		{17B6BB5D-8D50-471C-9BF1-9953C1DEA4DF}.Debug|Any CPU.Build.0 = Debug|Any CPU
		{17B6BB5D-8D50-471C-9BF1-9953C1DEA4DF}.Release|Any CPU.ActiveCfg = Release|Any CPU
		{17B6BB5D-8D50-471C-9BF1-9953C1DEA4DF}.Release|Any CPU.Build.0 = Release|Any CPU
		{F3A107E8-F9D9-4B1E-9CA7-B73354C61E99}.Debug|Any CPU.ActiveCfg = Debug|Any CPU
		{F3A107E8-F9D9-4B1E-9CA7-B73354C61E99}.Debug|Any CPU.Build.0 = Debug|Any CPU
		{F3A107E8-F9D9-4B1E-9CA7-B73354C61E99}.Release|Any CPU.ActiveCfg = Release|Any CPU
		{F3A107E8-F9D9-4B1E-9CA7-B73354C61E99}.Release|Any CPU.Build.0 = Release|Any CPU
		{028741E5-902A-41CF-B24B-6D417D234843}.Debug|Any CPU.ActiveCfg = Debug|Any CPU
		{028741E5-902A-41CF-B24B-6D417D234843}.Debug|Any CPU.Build.0 = Debug|Any CPU
		{028741E5-902A-41CF-B24B-6D417D234843}.Release|Any CPU.ActiveCfg = Release|Any CPU
		{028741E5-902A-41CF-B24B-6D417D234843}.Release|Any CPU.Build.0 = Release|Any CPU
	EndGlobalSection
	GlobalSection(SolutionProperties) = preSolution
		HideSolutionNode = FALSE
	EndGlobalSection
	GlobalSection(ExtensibilityGlobals) = postSolution
		SolutionGuid = {EC23D8D8-E6C2-4EDB-B55A-4F015BF6A4D7}
	EndGlobalSection
EndGlobal
